PODS:
  - Alamofire (5.4.3)
  - Floaty (4.2.0)
  - FSCalendar (2.8.2)
  - SwiftyJSON (5.0.1)

DEPENDENCIES:
  - Alamofire (~> 5.2)
  - Floaty
  - FSCalendar
  - SwiftyJSON

SPEC REPOS:
  trunk:
    - Alamofire
    - Floaty
    - FSCalendar
    - SwiftyJSON

SPEC CHECKSUMS:
  Alamofire: e447a2774a40c996748296fa2c55112fdbbc42f9
  Floaty: e2bd5a0f6f7f70899e26ff2da31081c8bee8d1b0
  FSCalendar: e6a2eb9c571bf0719ed797ef807e08426753c241
  SwiftyJSON: 2f33a42c6fbc52764d96f13368585094bfd8aa5e

PODFILE CHECKSUM: 8a50d46af692075819e5e8e6745cafefae51c531

COCOAPODS: 1.9.3
